
Microsoft Visual Studio Solution File, Format Version 12.00
# Visual Studio Version 17
VisualStudioVersion = 17.10.34916.146
MinimumVisualStudioVersion = 10.0.40219.1
Project("{2150E333-8FDC-42A3-9474-1A3956D46DE8}") = "tests", "tests", "{7087E39F-5DDF-4108-831C-2EBD8DEC3804}"
EndProject
Project("{2150E333-8FDC-42A3-9474-1A3956D46DE8}") = "src", "src", "{273FDE01-B4F1-4A5F-8E08-23D071ED7206}"
EndProject
Project("{2150E333-8FDC-42A3-9474-1A3956D46DE8}") = "Solution Items", "Solution Items", "{E23844F2-3E94-4B93-B795-1A53C41F0BA5}"
	ProjectSection(SolutionItems) = preProject
		.gitignore = .gitignore
		appsettings.json = appsettings.json
		gulpfile.js = gulpfile.js
		package.json = package.json
		README.md = README.md
		web.config = web.config
	EndProjectSection
EndProject
Project("{9A19103F-16F7-4668-BE54-9A1E7A4F7556}") = "XBLMS.Core", "src\XBLMS.Core\XBLMS.Core.csproj", "{360F8930-C570-4747-BB9F-D66C4B460468}"
EndProject
Project("{9A19103F-16F7-4668-BE54-9A1E7A4F7556}") = "XBLMS.Cli", "src\XBLMS.Cli\XBLMS.Cli.csproj", "{224FF8EA-D7AA-41C3-96C8-02C97CD40828}"
EndProject
Project("{9A19103F-16F7-4668-BE54-9A1E7A4F7556}") = "XBLMS", "src\XBLMS\XBLMS.csproj", "{596EF466-097A-4A10-A8AF-533F7F799E9D}"
EndProject
Project("{9A19103F-16F7-4668-BE54-9A1E7A4F7556}") = "XBLMS.Web", "src\XBLMS.Web\XBLMS.Web.csproj", "{52CBA2D4-F857-4660-AF94-2704ED9AA3F7}"
EndProject
Project("{9A19103F-16F7-4668-BE54-9A1E7A4F7556}") = "Datory", "src\Datory\Datory.csproj", "{942CF90A-5830-4040-8820-77A386372E2A}"
EndProject
Project("{9A19103F-16F7-4668-BE54-9A1E7A4F7556}") = "XBLMS.Cli.Tests", "tests\XBLMS.Cli.Tests\XBLMS.Cli.Tests.csproj", "{F7366EBC-145D-4E31-8E5E-2C7F21C451CF}"
EndProject
Project("{9A19103F-16F7-4668-BE54-9A1E7A4F7556}") = "XBLMS.Core.Tests", "tests\XBLMS.Core.Tests\XBLMS.Core.Tests.csproj", "{65CCDA29-80C3-4423-B8FE-C20544AD0C0E}"
EndProject
Project("{9A19103F-16F7-4668-BE54-9A1E7A4F7556}") = "XBLMS.Tests", "tests\XBLMS.Tests\XBLMS.Tests.csproj", "{63E94756-B45F-4DAD-8C3F-3E37E875974C}"
EndProject
Project("{9A19103F-16F7-4668-BE54-9A1E7A4F7556}") = "XBLMS.Web.Tests", "tests\XBLMS.Web.Tests\XBLMS.Web.Tests.csproj", "{0AA6BC36-F337-4E72-AC2E-ABEDBD277815}"
EndProject
Project("{9A19103F-16F7-4668-BE54-9A1E7A4F7556}") = "Datory.Tests", "tests\Datory.Tests\Datory.Tests.csproj", "{3794BF59-C770-4606-9999-CCD720E52BD4}"
EndProject
Global
	GlobalSection(SolutionConfigurationPlatforms) = preSolution
		Debug|Any CPU = Debug|Any CPU
		Release|Any CPU = Release|Any CPU
	EndGlobalSection
	GlobalSection(ProjectConfigurationPlatforms) = postSolution
		{360F8930-C570-4747-BB9F-D66C4B460468}.Debug|Any CPU.ActiveCfg = Debug|Any CPU
		{360F8930-C570-4747-BB9F-D66C4B460468}.Debug|Any CPU.Build.0 = Debug|Any CPU
		{360F8930-C570-4747-BB9F-D66C4B460468}.Release|Any CPU.ActiveCfg = Release|Any CPU
		{360F8930-C570-4747-BB9F-D66C4B460468}.Release|Any CPU.Build.0 = Release|Any CPU
		{224FF8EA-D7AA-41C3-96C8-02C97CD40828}.Debug|Any CPU.ActiveCfg = Debug|Any CPU
		{224FF8EA-D7AA-41C3-96C8-02C97CD40828}.Debug|Any CPU.Build.0 = Debug|Any CPU
		{224FF8EA-D7AA-41C3-96C8-02C97CD40828}.Release|Any CPU.ActiveCfg = Release|Any CPU
		{224FF8EA-D7AA-41C3-96C8-02C97CD40828}.Release|Any CPU.Build.0 = Release|Any CPU
		{596EF466-097A-4A10-A8AF-533F7F799E9D}.Debug|Any CPU.ActiveCfg = Debug|Any CPU
		{596EF466-097A-4A10-A8AF-533F7F799E9D}.Debug|Any CPU.Build.0 = Debug|Any CPU
		{596EF466-097A-4A10-A8AF-533F7F799E9D}.Release|Any CPU.ActiveCfg = Release|Any CPU
		{596EF466-097A-4A10-A8AF-533F7F799E9D}.Release|Any CPU.Build.0 = Release|Any CPU
		{52CBA2D4-F857-4660-AF94-2704ED9AA3F7}.Debug|Any CPU.ActiveCfg = Debug|Any CPU
		{52CBA2D4-F857-4660-AF94-2704ED9AA3F7}.Debug|Any CPU.Build.0 = Debug|Any CPU
		{52CBA2D4-F857-4660-AF94-2704ED9AA3F7}.Release|Any CPU.ActiveCfg = Release|Any CPU
		{52CBA2D4-F857-4660-AF94-2704ED9AA3F7}.Release|Any CPU.Build.0 = Release|Any CPU
		{942CF90A-5830-4040-8820-77A386372E2A}.Debug|Any CPU.ActiveCfg = Debug|Any CPU
		{942CF90A-5830-4040-8820-77A386372E2A}.Debug|Any CPU.Build.0 = Debug|Any CPU
		{942CF90A-5830-4040-8820-77A386372E2A}.Release|Any CPU.ActiveCfg = Release|Any CPU
		{942CF90A-5830-4040-8820-77A386372E2A}.Release|Any CPU.Build.0 = Release|Any CPU
		{F7366EBC-145D-4E31-8E5E-2C7F21C451CF}.Debug|Any CPU.ActiveCfg = Debug|Any CPU
		{F7366EBC-145D-4E31-8E5E-2C7F21C451CF}.Debug|Any CPU.Build.0 = Debug|Any CPU
		{F7366EBC-145D-4E31-8E5E-2C7F21C451CF}.Release|Any CPU.ActiveCfg = Release|Any CPU
		{F7366EBC-145D-4E31-8E5E-2C7F21C451CF}.Release|Any CPU.Build.0 = Release|Any CPU
		{65CCDA29-80C3-4423-B8FE-C20544AD0C0E}.Debug|Any CPU.ActiveCfg = Debug|Any CPU
		{65CCDA29-80C3-4423-B8FE-C20544AD0C0E}.Debug|Any CPU.Build.0 = Debug|Any CPU
		{65CCDA29-80C3-4423-B8FE-C20544AD0C0E}.Release|Any CPU.ActiveCfg = Release|Any CPU
		{65CCDA29-80C3-4423-B8FE-C20544AD0C0E}.Release|Any CPU.Build.0 = Release|Any CPU
		{63E94756-B45F-4DAD-8C3F-3E37E875974C}.Debug|Any CPU.ActiveCfg = Debug|Any CPU
		{63E94756-B45F-4DAD-8C3F-3E37E875974C}.Debug|Any CPU.Build.0 = Debug|Any CPU
		{63E94756-B45F-4DAD-8C3F-3E37E875974C}.Release|Any CPU.ActiveCfg = Release|Any CPU
		{63E94756-B45F-4DAD-8C3F-3E37E875974C}.Release|Any CPU.Build.0 = Release|Any CPU
		{0AA6BC36-F337-4E72-AC2E-ABEDBD277815}.Debug|Any CPU.ActiveCfg = Debug|Any CPU
		{0AA6BC36-F337-4E72-AC2E-ABEDBD277815}.Debug|Any CPU.Build.0 = Debug|Any CPU
		{0AA6BC36-F337-4E72-AC2E-ABEDBD277815}.Release|Any CPU.ActiveCfg = Release|Any CPU
		{0AA6BC36-F337-4E72-AC2E-ABEDBD277815}.Release|Any CPU.Build.0 = Release|Any CPU
		{3794BF59-C770-4606-9999-CCD720E52BD4}.Debug|Any CPU.ActiveCfg = Debug|Any CPU
		{3794BF59-C770-4606-9999-CCD720E52BD4}.Debug|Any CPU.Build.0 = Debug|Any CPU
		{3794BF59-C770-4606-9999-CCD720E52BD4}.Release|Any CPU.ActiveCfg = Release|Any CPU
		{3794BF59-C770-4606-9999-CCD720E52BD4}.Release|Any CPU.Build.0 = Release|Any CPU
	EndGlobalSection
	GlobalSection(SolutionProperties) = preSolution
		HideSolutionNode = FALSE
	EndGlobalSection
	GlobalSection(NestedProjects) = preSolution
		{360F8930-C570-4747-BB9F-D66C4B460468} = {273FDE01-B4F1-4A5F-8E08-23D071ED7206}
		{224FF8EA-D7AA-41C3-96C8-02C97CD40828} = {273FDE01-B4F1-4A5F-8E08-23D071ED7206}
		{596EF466-097A-4A10-A8AF-533F7F799E9D} = {273FDE01-B4F1-4A5F-8E08-23D071ED7206}
		{52CBA2D4-F857-4660-AF94-2704ED9AA3F7} = {273FDE01-B4F1-4A5F-8E08-23D071ED7206}
		{942CF90A-5830-4040-8820-77A386372E2A} = {273FDE01-B4F1-4A5F-8E08-23D071ED7206}
		{F7366EBC-145D-4E31-8E5E-2C7F21C451CF} = {7087E39F-5DDF-4108-831C-2EBD8DEC3804}
		{65CCDA29-80C3-4423-B8FE-C20544AD0C0E} = {7087E39F-5DDF-4108-831C-2EBD8DEC3804}
		{63E94756-B45F-4DAD-8C3F-3E37E875974C} = {7087E39F-5DDF-4108-831C-2EBD8DEC3804}
		{0AA6BC36-F337-4E72-AC2E-ABEDBD277815} = {7087E39F-5DDF-4108-831C-2EBD8DEC3804}
		{3794BF59-C770-4606-9999-CCD720E52BD4} = {7087E39F-5DDF-4108-831C-2EBD8DEC3804}
	EndGlobalSection
	GlobalSection(ExtensibilityGlobals) = postSolution
		SolutionGuid = {16E9F7DE-60E7-4FB3-A3DB-38729FE5A04F}
	EndGlobalSection
EndGlobal
